
Microsoft Visual Studio Solution File, Format Version 12.00
# Visual Studio 15
Project("{FAE04EC0-301F-11D3-BF4B-00C04F79EFBC}") = "Assembly-CSharp", "Assembly-CSharp.csproj", "{8B6A688D-9355-E600-EE43-3317E7C27858}"
EndProject
Project("{FAE04EC0-301F-11D3-BF4B-00C04F79EFBC}") = "Assembly-CSharp-Editor", "Assembly-CSharp-Editor.csproj", "{FBFC8DCC-F2D3-9DFE-979A-D32813D9CEED}"
EndProject
Global
	GlobalSection(SolutionConfigurationPlatforms) = preSolution
		Debug|Any CPU = Debug|Any CPU
		Release|Any CPU = Release|Any CPU
	EndGlobalSection
	GlobalSection(ProjectConfigurationPlatforms) = postSolution
		{8B6A688D-9355-E600-EE43-3317E7C27858}.Debug|Any CPU.ActiveCfg = Debug|Any CPU
		{8B6A688D-9355-E600-EE43-3317E7C27858}.Debug|Any CPU.Build.0 = Debug|Any CPU
		{8B6A688D-9355-E600-EE43-3317E7C27858}.Release|Any CPU.ActiveCfg = Release|Any CPU
		{8B6A688D-9355-E600-EE43-3317E7C27858}.Release|Any CPU.Build.0 = Release|Any CPU
		{FBFC8DCC-F2D3-9DFE-979A-D32813D9CEED}.Debug|Any CPU.ActiveCfg = Debug|Any CPU
		{FBFC8DCC-F2D3-9DFE-979A-D32813D9CEED}.Debug|Any CPU.Build.0 = Debug|Any CPU
		{FBFC8DCC-F2D3-9DFE-979A-D32813D9CEED}.Release|Any CPU.ActiveCfg = Release|Any CPU
		{FBFC8DCC-F2D3-9DFE-979A-D32813D9CEED}.Release|Any CPU.Build.0 = Release|Any CPU
	EndGlobalSection
	GlobalSection(SolutionProperties) = preSolution
		HideSolutionNode = FALSE
	EndGlobalSection
EndGlobal
